
Microsoft Visual Studio Solution File, Format Version 12.00
# Visual Studio Version 17
VisualStudioVersion = 17.12.35527.113 d17.12
MinimumVisualStudioVersion = 10.0.40219.1
Project("{FAE04EC0-301F-11D3-BF4B-00C04F79EFBC}") = "Brocode-Learning", "Brocode-Learning.csproj", "{B60CD48D-7FD5-46B6-9885-7E120EE4862E}"
EndProject
Global
	GlobalSection(SolutionConfigurationPlatforms) = preSolution
		Debug|Any CPU = Debug|Any CPU
		Release|Any CPU = Release|Any CPU
	EndGlobalSection
	GlobalSection(ProjectConfigurationPlatforms) = postSolution
		{B60CD48D-7FD5-46B6-9885-7E120EE4862E}.Debug|Any CPU.ActiveCfg = Debug|Any CPU
		{B60CD48D-7FD5-46B6-9885-7E120EE4862E}.Debug|Any CPU.Build.0 = Debug|Any CPU
		{B60CD48D-7FD5-46B6-9885-7E120EE4862E}.Release|Any CPU.ActiveCfg = Release|Any CPU
		{B60CD48D-7FD5-46B6-9885-7E120EE4862E}.Release|Any CPU.Build.0 = Release|Any CPU
	EndGlobalSection
	GlobalSection(SolutionProperties) = preSolution
		HideSolutionNode = FALSE
	EndGlobalSection
EndGlobal
