
Microsoft Visual Studio Solution File, Format Version 12.00
# Visual Studio Version 17
VisualStudioVersion = 17.12.35527.113 d17.12
MinimumVisualStudioVersion = 10.0.40219.1
Project("{FAE04EC0-301F-11D3-BF4B-00C04F79EFBC}") = "BlazorWasm", "BlazorWasm\BlazorWasm\BlazorWasm.csproj", "{05E9DCB9-56DB-452A-A519-77CA395E707D}"
EndProject
Project("{FAE04EC0-301F-11D3-BF4B-00C04F79EFBC}") = "BlazorWasm.Client", "BlazorWasm\BlazorWasm.Client\BlazorWasm.Client.csproj", "{C4BF1EC1-9738-4C90-8137-F57746F55422}"
EndProject
Project("{FAE04EC0-301F-11D3-BF4B-00C04F79EFBC}") = "BlazorWasmServer", "BlazorWasmServer\BlazorWasmServer.csproj", "{174648EB-A98A-40CB-A78A-2CD33742F400}"
EndProject
Project("{FAE04EC0-301F-11D3-BF4B-00C04F79EFBC}") = "BlazorWasmShared", "BlazorWasmShared\BlazorWasmShared.csproj", "{EA3080D3-2675-4861-ACD8-438AAF206965}"
EndProject
Global
	GlobalSection(SolutionConfigurationPlatforms) = preSolution
		Debug|Any CPU = Debug|Any CPU
		Release|Any CPU = Release|Any CPU
	EndGlobalSection
	GlobalSection(ProjectConfigurationPlatforms) = postSolution
		{05E9DCB9-56DB-452A-A519-77CA395E707D}.Debug|Any CPU.ActiveCfg = Debug|Any CPU
		{05E9DCB9-56DB-452A-A519-77CA395E707D}.Debug|Any CPU.Build.0 = Debug|Any CPU
		{05E9DCB9-56DB-452A-A519-77CA395E707D}.Release|Any CPU.ActiveCfg = Release|Any CPU
		{05E9DCB9-56DB-452A-A519-77CA395E707D}.Release|Any CPU.Build.0 = Release|Any CPU
		{C4BF1EC1-9738-4C90-8137-F57746F55422}.Debug|Any CPU.ActiveCfg = Debug|Any CPU
		{C4BF1EC1-9738-4C90-8137-F57746F55422}.Debug|Any CPU.Build.0 = Debug|Any CPU
		{C4BF1EC1-9738-4C90-8137-F57746F55422}.Release|Any CPU.ActiveCfg = Release|Any CPU
		{C4BF1EC1-9738-4C90-8137-F57746F55422}.Release|Any CPU.Build.0 = Release|Any CPU
		{174648EB-A98A-40CB-A78A-2CD33742F400}.Debug|Any CPU.ActiveCfg = Debug|Any CPU
		{174648EB-A98A-40CB-A78A-2CD33742F400}.Debug|Any CPU.Build.0 = Debug|Any CPU
		{174648EB-A98A-40CB-A78A-2CD33742F400}.Release|Any CPU.ActiveCfg = Release|Any CPU
		{174648EB-A98A-40CB-A78A-2CD33742F400}.Release|Any CPU.Build.0 = Release|Any CPU
		{EA3080D3-2675-4861-ACD8-438AAF206965}.Debug|Any CPU.ActiveCfg = Debug|Any CPU
		{EA3080D3-2675-4861-ACD8-438AAF206965}.Debug|Any CPU.Build.0 = Debug|Any CPU
		{EA3080D3-2675-4861-ACD8-438AAF206965}.Release|Any CPU.ActiveCfg = Release|Any CPU
		{EA3080D3-2675-4861-ACD8-438AAF206965}.Release|Any CPU.Build.0 = Release|Any CPU
	EndGlobalSection
	GlobalSection(SolutionProperties) = preSolution
		HideSolutionNode = FALSE
	EndGlobalSection
EndGlobal
