
Microsoft Visual Studio Solution File, Format Version 12.00
# Visual Studio Version 17
VisualStudioVersion = 17.12.35527.113 d17.12
MinimumVisualStudioVersion = 10.0.40219.1
Project("{FAE04EC0-301F-11D3-BF4B-00C04F79EFBC}") = "Routing_With_MVC", "Routing_With_MVC.csproj", "{EE1169D6-9918-47B3-8935-6FFA87CB863F}"
EndProject
Global
	GlobalSection(SolutionConfigurationPlatforms) = preSolution
		Debug|Any CPU = Debug|Any CPU
		Release|Any CPU = Release|Any CPU
	EndGlobalSection
	GlobalSection(ProjectConfigurationPlatforms) = postSolution
		{EE1169D6-9918-47B3-8935-6FFA87CB863F}.Debug|Any CPU.ActiveCfg = Debug|Any CPU
		{EE1169D6-9918-47B3-8935-6FFA87CB863F}.Debug|Any CPU.Build.0 = Debug|Any CPU
		{EE1169D6-9918-47B3-8935-6FFA87CB863F}.Release|Any CPU.ActiveCfg = Release|Any CPU
		{EE1169D6-9918-47B3-8935-6FFA87CB863F}.Release|Any CPU.Build.0 = Release|Any CPU
	EndGlobalSection
	GlobalSection(SolutionProperties) = preSolution
		HideSolutionNode = FALSE
	EndGlobalSection
EndGlobal
